# Generated by pub
# See https://dart.dev/tools/pub/glossary#lockfile
packages:
  _flutterfire_internals:
    dependency: transitive
    description:
      name: _flutterfire_internals
      sha256: ff0a84a2734d9e1089f8aedd5c0af0061b82fb94e95260d943404e0ef2134b11
      url: "https://pub.dev"
    source: hosted
    version: "1.3.59"
  archive:
    dependency: transitive
    description:
      name: archive
      sha256: cb6a278ef2dbb298455e1a713bda08524a175630ec643a242c399c932a0a1f7d
      url: "https://pub.dev"
    source: hosted
    version: "3.6.1"
  args:
    dependency: transitive
    description:
      name: args
      sha256: d0481093c50b1da8910eb0bb301626d4d8eb7284aa739614d2b394ee09e3ea04
      url: "https://pub.dev"
    source: hosted
    version: "2.7.0"
  async:
    dependency: transitive
    description:
      name: async
      sha256: "758e6d74e971c3e5aceb4110bfd6698efc7f501675bcfe0c775459a8140750eb"
      url: "https://pub.dev"
    source: hosted
    version: "2.13.0"
  audioplayers:
    dependency: "direct main"
    description:
      name: audioplayers
      sha256: c05c6147124cd63e725e861335a8b4d57300b80e6e92cea7c145c739223bbaef
      url: "https://pub.dev"
    source: hosted
    version: "5.2.1"
  audioplayers_android:
    dependency: transitive
    description:
      name: audioplayers_android
      sha256: b00e1a0e11365d88576320ec2d8c192bc21f1afb6c0e5995d1c57ae63156acb5
      url: "https://pub.dev"
    source: hosted
    version: "4.0.3"
  audioplayers_darwin:
    dependency: transitive
    description:
      name: audioplayers_darwin
      sha256: "3034e99a6df8d101da0f5082dcca0a2a99db62ab1d4ddb3277bed3f6f81afe08"
      url: "https://pub.dev"
    source: hosted
    version: "5.0.2"
  audioplayers_linux:
    dependency: transitive
    description:
      name: audioplayers_linux
      sha256: "60787e73fefc4d2e0b9c02c69885402177e818e4e27ef087074cf27c02246c9e"
      url: "https://pub.dev"
    source: hosted
    version: "3.1.0"
  audioplayers_platform_interface:
    dependency: transitive
    description:
      name: audioplayers_platform_interface
      sha256: "365c547f1bb9e77d94dd1687903a668d8f7ac3409e48e6e6a3668a1ac2982adb"
      url: "https://pub.dev"
    source: hosted
    version: "6.1.0"
  audioplayers_web:
    dependency: transitive
    description:
      name: audioplayers_web
      sha256: "22cd0173e54d92bd9b2c80b1204eb1eb159ece87475ab58c9788a70ec43c2a62"
      url: "https://pub.dev"
    source: hosted
    version: "4.1.0"
  audioplayers_windows:
    dependency: transitive
    description:
      name: audioplayers_windows
      sha256: "9536812c9103563644ada2ef45ae523806b0745f7a78e89d1b5fb1951de90e1a"
      url: "https://pub.dev"
    source: hosted
    version: "3.1.0"
  boolean_selector:
    dependency: transitive
    description:
      name: boolean_selector
      sha256: "8aab1771e1243a5063b8b0ff68042d67334e3feab9e95b9490f9a6ebf73b42ea"
      url: "https://pub.dev"
    source: hosted
    version: "2.1.2"
  characters:
    dependency: transitive
    description:
      name: characters
      sha256: f71061c654a3380576a52b451dd5532377954cf9dbd272a78fc8479606670803
      url: "https://pub.dev"
    source: hosted
    version: "1.4.0"
  checked_yaml:
    dependency: transitive
    description:
      name: checked_yaml
      sha256: "959525d3162f249993882720d52b7e0c833978df229be20702b33d48d91de70f"
      url: "https://pub.dev"
    source: hosted
    version: "2.0.4"
  cli_util:
    dependency: transitive
    description:
      name: cli_util
      sha256: "66f86e916d285c1a93d3b79587d94bd71984a66aac4ff74e524cfa7877f1395c"
      url: "https://pub.dev"
    source: hosted
    version: "0.3.5"
  clock:
    dependency: transitive
    description:
      name: clock
      sha256: fddb70d9b5277016c77a80201021d40a2247104d9f4aa7bab7157b7e3f05b84b
      url: "https://pub.dev"
    source: hosted
    version: "1.1.2"
  collection:
    dependency: transitive
    description:
      name: collection
      sha256: "2f5709ae4d3d59dd8f7cd309b4e023046b57d8a6c82130785d2b0e5868084e76"
      url: "https://pub.dev"
    source: hosted
    version: "1.19.1"
  connectivity_plus:
    dependency: "direct main"
    description:
      name: connectivity_plus
      sha256: "224a77051d52a11fbad53dd57827594d3bd24f945af28bd70bab376d68d437f0"
      url: "https://pub.dev"
    source: hosted
    version: "5.0.2"
  connectivity_plus_platform_interface:
    dependency: transitive
    description:
      name: connectivity_plus_platform_interface
      sha256: cf1d1c28f4416f8c654d7dc3cd638ec586076255d407cef3ddbdaf178272a71a
      url: "https://pub.dev"
    source: hosted
    version: "1.2.4"
  convert:
    dependency: transitive
    description:
      name: convert
      sha256: b30acd5944035672bc15c6b7a8b47d773e41e2f17de064350988c5d02adb1c68
      url: "https://pub.dev"
    source: hosted
    version: "3.1.2"
  cross_file:
    dependency: transitive
    description:
      name: cross_file
      sha256: "701dcfc06da0882883a2657c445103380e53e647060ad8d9dfb710c100996608"
      url: "https://pub.dev"
    source: hosted
    version: "0.3.5+1"
  crypto:
    dependency: "direct main"
    description:
      name: crypto
      sha256: c8ea0233063ba03258fbcf2ca4d6dadfefe14f02fab57702265467a19f27fadf
      url: "https://pub.dev"
    source: hosted
    version: "3.0.7"
  csslib:
    dependency: transitive
    description:
      name: csslib
      sha256: "09bad715f418841f976c77db72d5398dc1253c21fb9c0c7f0b0b985860b2d58e"
      url: "https://pub.dev"
    source: hosted
    version: "1.0.2"
  cupertino_icons:
    dependency: "direct main"
    description:
      name: cupertino_icons
      sha256: ba631d1c7f7bef6b729a622b7b752645a2d076dba9976925b8f25725a30e1ee6
      url: "https://pub.dev"
    source: hosted
    version: "1.0.8"
  dbus:
    dependency: transitive
    description:
      name: dbus
      sha256: "79e0c23480ff85dc68de79e2cd6334add97e48f7f4865d17686dd6ea81a47e8c"
      url: "https://pub.dev"
    source: hosted
    version: "0.7.11"
  device_info_plus:
    dependency: transitive
    description:
      name: device_info_plus
      sha256: "98f28b42168cc509abc92f88518882fd58061ea372d7999aecc424345c7bff6a"
      url: "https://pub.dev"
    source: hosted
    version: "11.5.0"
  device_info_plus_platform_interface:
    dependency: transitive
    description:
      name: device_info_plus_platform_interface
      sha256: e1ea89119e34903dca74b883d0dd78eb762814f97fb6c76f35e9ff74d261a18f
      url: "https://pub.dev"
    source: hosted
    version: "7.0.3"
  epub_view:
    dependency: "direct main"
    description:
      name: epub_view
      sha256: a1c68fb2feadf7f7764195e0f8d69f6e4f7d29e0638744ea9f981343eaea0c29
      url: "https://pub.dev"
    source: hosted
    version: "3.2.0"
  epubx:
    dependency: transitive
    description:
      name: epubx
      sha256: "0ab9354efa177c4be52c46f857bc15bf83f83a92667fb673465c8f89fca26db3"
      url: "https://pub.dev"
    source: hosted
    version: "4.0.0"
  equatable:
    dependency: transitive
    description:
      name: equatable
      sha256: "567c64b3cb4cf82397aac55f4f0cbd3ca20d77c6c03bedbc4ceaddc08904aef7"
      url: "https://pub.dev"
    source: hosted
    version: "2.0.7"
  fake_async:
    dependency: transitive
    description:
      name: fake_async
      sha256: "5368f224a74523e8d2e7399ea1638b37aecfca824a3cc4dfdf77bf1fa905ac44"
      url: "https://pub.dev"
    source: hosted
    version: "1.3.3"
  ffi:
    dependency: transitive
    description:
      name: ffi
      sha256: "289279317b4b16eb2bb7e271abccd4bf84ec9bdcbe999e278a94b804f5630418"
      url: "https://pub.dev"
    source: hosted
    version: "2.1.4"
  file:
    dependency: transitive
    description:
      name: file
      sha256: a3b4f84adafef897088c160faf7dfffb7696046cb13ae90b508c2cbc95d3b8d4
      url: "https://pub.dev"
    source: hosted
    version: "7.0.1"
  firebase_core:
    dependency: "direct main"
    description:
      name: firebase_core
      sha256: "7be63a3f841fc9663342f7f3a011a42aef6a61066943c90b1c434d79d5c995c5"
      url: "https://pub.dev"
    source: hosted
    version: "3.15.2"
  firebase_core_platform_interface:
    dependency: transitive
    description:
      name: firebase_core_platform_interface
      sha256: cccb4f572325dc14904c02fcc7db6323ad62ba02536833dddb5c02cac7341c64
      url: "https://pub.dev"
    source: hosted
    version: "6.0.2"
  firebase_core_web:
    dependency: transitive
    description:
      name: firebase_core_web
      sha256: "0ed0dc292e8f9ac50992e2394e9d336a0275b6ae400d64163fdf0a8a8b556c37"
      url: "https://pub.dev"
    source: hosted
    version: "2.24.1"
  firebase_messaging:
    dependency: "direct main"
    description:
      name: firebase_messaging
      sha256: "60be38574f8b5658e2f22b7e311ff2064bea835c248424a383783464e8e02fcc"
      url: "https://pub.dev"
    source: hosted
    version: "15.2.10"
  firebase_messaging_platform_interface:
    dependency: transitive
    description:
      name: firebase_messaging_platform_interface
      sha256: "685e1771b3d1f9c8502771ccc9f91485b376ffe16d553533f335b9183ea99754"
      url: "https://pub.dev"
    source: hosted
    version: "4.6.10"
  firebase_messaging_web:
    dependency: transitive
    description:
      name: firebase_messaging_web
      sha256: "0d1be17bc89ed3ff5001789c92df678b2e963a51b6fa2bdb467532cc9dbed390"
      url: "https://pub.dev"
    source: hosted
    version: "3.10.10"
  fixnum:
    dependency: transitive
    description:
      name: fixnum
      sha256: b6dc7065e46c974bc7c5f143080a6764ec7a4be6da1285ececdc37be96de53be
      url: "https://pub.dev"
    source: hosted
    version: "1.1.1"
  flutter:
    dependency: "direct main"
    description: flutter
    source: sdk
    version: "0.0.0"
  flutter_html:
    dependency: transitive
    description:
      name: flutter_html
      sha256: "38a2fd702ffdf3243fb7441ab58aa1bc7e6922d95a50db76534de8260638558d"
      url: "https://pub.dev"
    source: hosted
    version: "3.0.0"
  flutter_launcher_icons:
    dependency: "direct dev"
    description:
      name: flutter_launcher_icons
      sha256: ce0e501cfc258907842238e4ca605e74b7fd1cdf04b3b43e86c43f3e40a1592c
      url: "https://pub.dev"
    source: hosted
    version: "0.11.0"
  flutter_lints:
    dependency: "direct dev"
    description:
      name: flutter_lints
      sha256: "5398f14efa795ffb7a33e9b6a08798b26a180edac4ad7db3f231e40f82ce11e1"
      url: "https://pub.dev"
    source: hosted
    version: "5.0.0"
  flutter_localizations:
    dependency: "direct main"
    description: flutter
    source: sdk
    version: "0.0.0"
  flutter_test:
    dependency: "direct dev"
    description: flutter
    source: sdk
    version: "0.0.0"
  flutter_web_plugins:
    dependency: transitive
    description: flutter
    source: sdk
    version: "0.0.0"
  google_fonts:
    dependency: "direct main"
    description:
      name: google_fonts
      sha256: ba03d03bcaa2f6cb7bd920e3b5027181db75ab524f8891c8bc3aa603885b8055
      url: "https://pub.dev"
    source: hosted
    version: "6.3.3"
  google_identity_services_web:
    dependency: transitive
    description:
      name: google_identity_services_web
      sha256: "5d187c46dc59e02646e10fe82665fc3884a9b71bc1c90c2b8b749316d33ee454"
      url: "https://pub.dev"
    source: hosted
    version: "0.3.3+1"
  google_mobile_ads:
    dependency: "direct main"
    description:
      name: google_mobile_ads
      sha256: d2ef5ec1e1f31137fc241bdeab3037c31062d387dd221fd884fb1160444c788b
      url: "https://pub.dev"
    source: hosted
    version: "4.0.0"
  google_sign_in:
    dependency: "direct main"
    description:
      name: google_sign_in
      sha256: d0a2c3bcb06e607bb11e4daca48bd4b6120f0bbc4015ccebbe757d24ea60ed2a
      url: "https://pub.dev"
    source: hosted
    version: "6.3.0"
  google_sign_in_android:
    dependency: transitive
    description:
      name: google_sign_in_android
      sha256: d5e23c56a4b84b6427552f1cf3f98f716db3b1d1a647f16b96dbb5b93afa2805
      url: "https://pub.dev"
    source: hosted
    version: "6.2.1"
  google_sign_in_ios:
    dependency: transitive
    description:
      name: google_sign_in_ios
      sha256: "102005f498ce18442e7158f6791033bbc15ad2dcc0afa4cf4752e2722a516c96"
      url: "https://pub.dev"
    source: hosted
    version: "5.9.0"
  google_sign_in_platform_interface:
    dependency: transitive
    description:
      name: google_sign_in_platform_interface
      sha256: "5f6f79cf139c197261adb6ac024577518ae48fdff8e53205c5373b5f6430a8aa"
      url: "https://pub.dev"
    source: hosted
    version: "2.5.0"
  google_sign_in_web:
    dependency: transitive
    description:
      name: google_sign_in_web
      sha256: "460547beb4962b7623ac0fb8122d6b8268c951cf0b646dd150d60498430e4ded"
      url: "https://pub.dev"
    source: hosted
    version: "0.12.4+4"
  html:
    dependency: transitive
    description:
      name: html
      sha256: "6d1264f2dffa1b1101c25a91dff0dc2daee4c18e87cd8538729773c073dbf602"
      url: "https://pub.dev"
    source: hosted
    version: "0.15.6"
  http:
    dependency: "direct main"
    description:
      name: http
      sha256: "87721a4a50b19c7f1d49001e51409bddc46303966ce89a65af4f4e6004896412"
      url: "https://pub.dev"
    source: hosted
    version: "1.6.0"
  http_parser:
    dependency: transitive
    description:
      name: http_parser
      sha256: "178d74305e7866013777bab2c3d8726205dc5a4dd935297175b19a23a2e66571"
      url: "https://pub.dev"
    source: hosted
    version: "4.1.2"
  image:
    dependency: transitive
    description:
      name: image
      sha256: "8e9d133755c3e84c73288363e6343157c383a0c6c56fc51afcc5d4d7180306d6"
      url: "https://pub.dev"
    source: hosted
    version: "3.3.0"
  intl:
    dependency: "direct main"
    description:
      name: intl
      sha256: "3df61194eb431efc39c4ceba583b95633a403f46c9fd341e550ce0bfa50e9aa5"
      url: "https://pub.dev"
    source: hosted
    version: "0.20.2"
  js:
    dependency: transitive
    description:
      name: js
      sha256: f2c445dce49627136094980615a031419f7f3eb393237e4ecd97ac15dea343f3
      url: "https://pub.dev"
    source: hosted
    version: "0.6.7"
  json_annotation:
    dependency: transitive
    description:
      name: json_annotation
      sha256: "1ce844379ca14835a50d2f019a3099f419082cfdd231cd86a142af94dd5c6bb1"
      url: "https://pub.dev"
    source: hosted
    version: "4.9.0"
  leak_tracker:
    dependency: transitive
    description:
      name: leak_tracker
      sha256: "33e2e26bdd85a0112ec15400c8cbffea70d0f9c3407491f672a2fad47915e2de"
      url: "https://pub.dev"
    source: hosted
    version: "11.0.2"
  leak_tracker_flutter_testing:
    dependency: transitive
    description:
      name: leak_tracker_flutter_testing
      sha256: "1dbc140bb5a23c75ea9c4811222756104fbcd1a27173f0c34ca01e16bea473c1"
      url: "https://pub.dev"
    source: hosted
    version: "3.0.10"
  leak_tracker_testing:
    dependency: transitive
    description:
      name: leak_tracker_testing
      sha256: "8d5a2d49f4a66b49744b23b018848400d23e54caf9463f4eb20df3eb8acb2eb1"
      url: "https://pub.dev"
    source: hosted
    version: "3.0.2"
  lints:
    dependency: transitive
    description:
      name: lints
      sha256: c35bb79562d980e9a453fc715854e1ed39e24e7d0297a880ef54e17f9874a9d7
      url: "https://pub.dev"
    source: hosted
    version: "5.1.1"
  list_counter:
    dependency: transitive
    description:
      name: list_counter
      sha256: c447ae3dfcd1c55f0152867090e67e219d42fe6d4f2807db4bbe8b8d69912237
      url: "https://pub.dev"
    source: hosted
    version: "1.0.2"
  matcher:
    dependency: transitive
    description:
      name: matcher
      sha256: dc58c723c3c24bf8d3e2d3ad3f2f9d7bd9cf43ec6feaa64181775e60190153f2
      url: "https://pub.dev"
    source: hosted
    version: "0.12.17"
  material_color_utilities:
    dependency: transitive
    description:
      name: material_color_utilities
      sha256: f7142bb1154231d7ea5f96bc7bde4bda2a0945d2806bb11670e30b850d56bdec
      url: "https://pub.dev"
    source: hosted
    version: "0.11.1"
  meta:
    dependency: transitive
    description:
      name: meta
      sha256: e3641ec5d63ebf0d9b41bd43201a66e3fc79a65db5f61fc181f04cd27aab950c
      url: "https://pub.dev"
    source: hosted
    version: "1.16.0"
  mime:
    dependency: transitive
    description:
      name: mime
      sha256: "801fd0b26f14a4a58ccb09d5892c3fbdeff209594300a542492cf13fba9d247a"
      url: "https://pub.dev"
    source: hosted
    version: "1.0.6"
  nm:
    dependency: transitive
    description:
      name: nm
      sha256: "2c9aae4127bdc8993206464fcc063611e0e36e72018696cd9631023a31b24254"
      url: "https://pub.dev"
    source: hosted
    version: "0.5.0"
  path:
    dependency: transitive
    description:
      name: path
      sha256: "75cca69d1490965be98c73ceaea117e8a04dd21217b37b292c9ddbec0d955bc5"
      url: "https://pub.dev"
    source: hosted
    version: "1.9.1"
  path_provider:
    dependency: "direct main"
    description:
      name: path_provider
      sha256: "50c5dd5b6e1aaf6fb3a78b33f6aa3afca52bf903a8a5298f53101fdaee55bbcd"
      url: "https://pub.dev"
    source: hosted
    version: "2.1.5"
  path_provider_android:
    dependency: transitive
    description:
      name: path_provider_android
      sha256: f2c65e21139ce2c3dad46922be8272bb5963516045659e71bb16e151c93b580e
      url: "https://pub.dev"
    source: hosted
    version: "2.2.22"
  path_provider_foundation:
    dependency: transitive
    description:
      name: path_provider_foundation
      sha256: "6d13aece7b3f5c5a9731eaf553ff9dcbc2eff41087fd2df587fd0fed9a3eb0c4"
      url: "https://pub.dev"
    source: hosted
    version: "2.5.1"
  path_provider_linux:
    dependency: transitive
    description:
      name: path_provider_linux
      sha256: f7a1fe3a634fe7734c8d3f2766ad746ae2a2884abe22e241a8b301bf5cac3279
      url: "https://pub.dev"
    source: hosted
    version: "2.2.1"
  path_provider_platform_interface:
    dependency: transitive
    description:
      name: path_provider_platform_interface
      sha256: "88f5779f72ba699763fa3a3b06aa4bf6de76c8e5de842cf6f29e2e06476c2334"
      url: "https://pub.dev"
    source: hosted
    version: "2.1.2"
  path_provider_windows:
    dependency: transitive
    description:
      name: path_provider_windows
      sha256: bd6f00dbd873bfb70d0761682da2b3a2c2fccc2b9e84c495821639601d81afe7
      url: "https://pub.dev"
    source: hosted
    version: "2.3.0"
  petitparser:
    dependency: transitive
    description:
      name: petitparser
      sha256: "1a97266a94f7350d30ae522c0af07890c70b8e62c71e8e3920d1db4d23c057d1"
      url: "https://pub.dev"
    source: hosted
    version: "7.0.1"
  platform:
    dependency: transitive
    description:
      name: platform
      sha256: "5d6b1b0036a5f331ebc77c850ebc8506cbc1e9416c27e59b439f917a902a4984"
      url: "https://pub.dev"
    source: hosted
    version: "3.1.6"
  plugin_platform_interface:
    dependency: transitive
    description:
      name: plugin_platform_interface
      sha256: "4820fbfdb9478b1ebae27888254d445073732dae3d6ea81f0b7e06d5dedc3f02"
      url: "https://pub.dev"
    source: hosted
    version: "2.1.8"
  quiver:
    dependency: transitive
    description:
      name: quiver
      sha256: ea0b925899e64ecdfbf9c7becb60d5b50e706ade44a85b2363be2a22d88117d2
      url: "https://pub.dev"
    source: hosted
    version: "3.2.2"
  screenshot:
    dependency: "direct main"
    description:
      name: screenshot
      sha256: "63817697a7835e6ce82add4228e15d233b74d42975c143ad8cfe07009fab866b"
      url: "https://pub.dev"
    source: hosted
    version: "3.0.0"
  scrollable_positioned_list:
    dependency: transitive
    description:
      name: scrollable_positioned_list
      sha256: "1b54d5f1329a1e263269abc9e2543d90806131aa14fe7c6062a8054d57249287"
      url: "https://pub.dev"
    source: hosted
    version: "0.3.8"
  share_plus:
    dependency: "direct main"
    description:
      name: share_plus
      sha256: "3ef39599b00059db0990ca2e30fca0a29d8b37aae924d60063f8e0184cf20900"
      url: "https://pub.dev"
    source: hosted
    version: "7.2.2"
  share_plus_platform_interface:
    dependency: transitive
    description:
      name: share_plus_platform_interface
      sha256: "251eb156a8b5fa9ce033747d73535bf53911071f8d3b6f4f0b578505ce0d4496"
      url: "https://pub.dev"
    source: hosted
    version: "3.4.0"
  shared_preferences:
    dependency: "direct main"
    description:
      name: shared_preferences
      sha256: "2939ae520c9024cb197fc20dee269cd8cdbf564c8b5746374ec6cacdc5169e64"
      url: "https://pub.dev"
    source: hosted
    version: "2.5.4"
  shared_preferences_android:
    dependency: transitive
    description:
      name: shared_preferences_android
      sha256: "83af5c682796c0f7719c2bbf74792d113e40ae97981b8f266fa84574573556bc"
      url: "https://pub.dev"
    source: hosted
    version: "2.4.18"
  shared_preferences_foundation:
    dependency: transitive
    description:
      name: shared_preferences_foundation
      sha256: "4e7eaffc2b17ba398759f1151415869a34771ba11ebbccd1b0145472a619a64f"
      url: "https://pub.dev"
    source: hosted
    version: "2.5.6"
  shared_preferences_linux:
    dependency: transitive
    description:
      name: shared_preferences_linux
      sha256: "580abfd40f415611503cae30adf626e6656dfb2f0cee8f465ece7b6defb40f2f"
      url: "https://pub.dev"
    source: hosted
    version: "2.4.1"
  shared_preferences_platform_interface:
    dependency: transitive
    description:
      name: shared_preferences_platform_interface
      sha256: "57cbf196c486bc2cf1f02b85784932c6094376284b3ad5779d1b1c6c6a816b80"
      url: "https://pub.dev"
    source: hosted
    version: "2.4.1"
  shared_preferences_web:
    dependency: transitive
    description:
      name: shared_preferences_web
      sha256: c49bd060261c9a3f0ff445892695d6212ff603ef3115edbb448509d407600019
      url: "https://pub.dev"
    source: hosted
    version: "2.4.3"
  shared_preferences_windows:
    dependency: transitive
    description:
      name: shared_preferences_windows
      sha256: "94ef0f72b2d71bc3e700e025db3710911bd51a71cefb65cc609dd0d9a982e3c1"
      url: "https://pub.dev"
    source: hosted
    version: "2.4.1"
  sky_engine:
    dependency: transitive
    description: flutter
    source: sdk
    version: "0.0.0"
  source_span:
    dependency: transitive
    description:
      name: source_span
      sha256: "254ee5351d6cb365c859e20ee823c3bb479bf4a293c22d17a9f1bf144ce86f7c"
      url: "https://pub.dev"
    source: hosted
    version: "1.10.1"
  stack_trace:
    dependency: transitive
    description:
      name: stack_trace
      sha256: "8b27215b45d22309b5cddda1aa2b19bdfec9df0e765f2de506401c071d38d1b1"
      url: "https://pub.dev"
    source: hosted
    version: "1.12.1"
  stream_channel:
    dependency: transitive
    description:
      name: stream_channel
      sha256: "969e04c80b8bcdf826f8f16579c7b14d780458bd97f56d107d3950fdbeef059d"
      url: "https://pub.dev"
    source: hosted
    version: "2.1.4"
  string_scanner:
    dependency: transitive
    description:
      name: string_scanner
      sha256: "921cd31725b72fe181906c6a94d987c78e3b98c2e205b397ea399d4054872b43"
      url: "https://pub.dev"
    source: hosted
    version: "1.4.1"
  syncfusion_flutter_core:
    dependency: transitive
    description:
      name: syncfusion_flutter_core
      sha256: f1d2b52697543e13bdefdc62d15868124a265987577f53224a7dbe176c8448f0
      url: "https://pub.dev"
    source: hosted
    version: "28.2.12"
  syncfusion_flutter_pdf:
    dependency: transitive
    description:
      name: syncfusion_flutter_pdf
      sha256: f5e02ac4264bc69eeffa3ec54c9c0ad6e8a9f9161b105451b4a83dd1a317eaf9
      url: "https://pub.dev"
    source: hosted
    version: "28.2.12"
  syncfusion_flutter_pdfviewer:
    dependency: "direct main"
    description:
      name: syncfusion_flutter_pdfviewer
      sha256: "95e678444ff9571c4d33b8443037cdcc9e34faf1c53af7724043266b2d2df5df"
      url: "https://pub.dev"
    source: hosted
    version: "28.2.12"
  syncfusion_flutter_signaturepad:
    dependency: transitive
    description:
      name: syncfusion_flutter_signaturepad
      sha256: "30de4c9f77d1b75850697262bf9ce30b46a8d4401cec91dae95c4ee4e589d857"
      url: "https://pub.dev"
    source: hosted
    version: "28.2.12"
  syncfusion_pdfviewer_macos:
    dependency: transitive
    description:
      name: syncfusion_pdfviewer_macos
      sha256: c76af8dc3e8df38be3f5d7a78f4bae5ff9f5d73706da997d8428e087af418102
      url: "https://pub.dev"
    source: hosted
    version: "28.2.12"
  syncfusion_pdfviewer_platform_interface:
    dependency: transitive
    description:
      name: syncfusion_pdfviewer_platform_interface
      sha256: a9c102d1edd68fbe449e37021f5b82a8e32339023112807a828fb4e585e077cc
      url: "https://pub.dev"
    source: hosted
    version: "28.2.12"
  syncfusion_pdfviewer_web:
    dependency: transitive
    description:
      name: syncfusion_pdfviewer_web
      sha256: "6f2bf5c385e003e8f7312c445240c8648045400de9d7050df9d9a4b191c02568"
      url: "https://pub.dev"
    source: hosted
    version: "28.2.12"
  syncfusion_pdfviewer_windows:
    dependency: transitive
    description:
      name: syncfusion_pdfviewer_windows
      sha256: cf638a7d64bdd4120a8e27d944cb966a05a409ee3d0c24fa63e83341a535d6fb
      url: "https://pub.dev"
    source: hosted
    version: "28.2.12"
  synchronized:
    dependency: transitive
    description:
      name: synchronized
      sha256: c254ade258ec8282947a0acbbc90b9575b4f19673533ee46f2f6e9b3aeefd7c0
      url: "https://pub.dev"
    source: hosted
    version: "3.4.0"
  term_glyph:
    dependency: transitive
    description:
      name: term_glyph
      sha256: "7f554798625ea768a7518313e58f83891c7f5024f88e46e7182a4558850a4b8e"
      url: "https://pub.dev"
    source: hosted
    version: "1.2.2"
  test_api:
    dependency: transitive
    description:
      name: test_api
      sha256: "522f00f556e73044315fa4585ec3270f1808a4b186c936e612cab0b565ff1e00"
      url: "https://pub.dev"
    source: hosted
    version: "0.7.6"
  typed_data:
    dependency: transitive
    description:
      name: typed_data
      sha256: f9049c039ebfeb4cf7a7104a675823cd72dba8297f264b6637062516699fa006
      url: "https://pub.dev"
    source: hosted
    version: "1.4.0"
  universal_file:
    dependency: transitive
    description:
      name: universal_file
      sha256: d1a957fccaad2a32023b62fe435b273ee47aaf2eb804709795e4bf4afff50960
      url: "https://pub.dev"
    source: hosted
    version: "1.0.0"
  url_launcher:
    dependency: "direct main"
    description:
      name: url_launcher
      sha256: f6a7e5c4835bb4e3026a04793a4199ca2d14c739ec378fdfe23fc8075d0439f8
      url: "https://pub.dev"
    source: hosted
    version: "6.3.2"
  url_launcher_android:
    dependency: transitive
    description:
      name: url_launcher_android
      sha256: "767344bf3063897b5cf0db830e94f904528e6dd50a6dfaf839f0abf509009611"
      url: "https://pub.dev"
    source: hosted
    version: "6.3.28"
  url_launcher_ios:
    dependency: transitive
    description:
      name: url_launcher_ios
      sha256: cfde38aa257dae62ffe79c87fab20165dfdf6988c1d31b58ebf59b9106062aad
      url: "https://pub.dev"
    source: hosted
    version: "6.3.6"
  url_launcher_linux:
    dependency: transitive
    description:
      name: url_launcher_linux
      sha256: d5e14138b3bc193a0f63c10a53c94b91d399df0512b1f29b94a043db7482384a
      url: "https://pub.dev"
    source: hosted
    version: "3.2.2"
  url_launcher_macos:
    dependency: transitive
    description:
      name: url_launcher_macos
      sha256: "368adf46f71ad3c21b8f06614adb38346f193f3a59ba8fe9a2fd74133070ba18"
      url: "https://pub.dev"
    source: hosted
    version: "3.2.5"
  url_launcher_platform_interface:
    dependency: transitive
    description:
      name: url_launcher_platform_interface
      sha256: "552f8a1e663569be95a8190206a38187b531910283c3e982193e4f2733f01029"
      url: "https://pub.dev"
    source: hosted
    version: "2.3.2"
  url_launcher_web:
    dependency: transitive
    description:
      name: url_launcher_web
      sha256: "4bd2b7b4dc4d4d0b94e5babfffbca8eac1a126c7f3d6ecbc1a11013faa3abba2"
      url: "https://pub.dev"
    source: hosted
    version: "2.4.1"
  url_launcher_windows:
    dependency: transitive
    description:
      name: url_launcher_windows
      sha256: "712c70ab1b99744ff066053cbe3e80c73332b38d46e5e945c98689b2e66fc15f"
      url: "https://pub.dev"
    source: hosted
    version: "3.1.5"
  uuid:
    dependency: transitive
    description:
      name: uuid
      sha256: a11b666489b1954e01d992f3d601b1804a33937b5a8fe677bd26b8a9f96f96e8
      url: "https://pub.dev"
    source: hosted
    version: "4.5.2"
  vector_math:
    dependency: transitive
    description:
      name: vector_math
      sha256: d530bd74fea330e6e364cda7a85019c434070188383e1cd8d9777ee586914c5b
      url: "https://pub.dev"
    source: hosted
    version: "2.2.0"
  vm_service:
    dependency: transitive
    description:
      name: vm_service
      sha256: "45caa6c5917fa127b5dbcfbd1fa60b14e583afdc08bfc96dda38886ca252eb60"
      url: "https://pub.dev"
    source: hosted
    version: "15.0.2"
  web:
    dependency: transitive
    description:
      name: web
      sha256: "868d88a33d8a87b18ffc05f9f030ba328ffefba92d6c127917a2ba740f9cfe4a"
      url: "https://pub.dev"
    source: hosted
    version: "1.1.1"
  webview_flutter:
    dependency: transitive
    description:
      name: webview_flutter
      sha256: ec81f57aa1611f8ebecf1d2259da4ef052281cb5ad624131c93546c79ccc7736
      url: "https://pub.dev"
    source: hosted
    version: "4.9.0"
  webview_flutter_android:
    dependency: transitive
    description:
      name: webview_flutter_android
      sha256: "47a8da40d02befda5b151a26dba71f47df471cddd91dfdb7802d0a87c5442558"
      url: "https://pub.dev"
    source: hosted
    version: "3.16.9"
  webview_flutter_platform_interface:
    dependency: transitive
    description:
      name: webview_flutter_platform_interface
      sha256: "63d26ee3aca7256a83ccb576a50272edd7cfc80573a4305caa98985feb493ee0"
      url: "https://pub.dev"
    source: hosted
    version: "2.14.0"
  webview_flutter_wkwebview:
    dependency: transitive
    description:
      name: webview_flutter_wkwebview
      sha256: e49f378ed066efb13fc36186bbe0bd2425630d4ea0dbc71a18fdd0e4d8ed8ebc
      url: "https://pub.dev"
    source: hosted
    version: "3.23.5"
  win32:
    dependency: transitive
    description:
      name: win32
      sha256: d7cb55e04cd34096cd3a79b3330245f54cb96a370a1c27adb3c84b917de8b08e
      url: "https://pub.dev"
    source: hosted
    version: "5.15.0"
  win32_registry:
    dependency: transitive
    description:
      name: win32_registry
      sha256: "6f1b564492d0147b330dd794fee8f512cec4977957f310f9951b5f9d83618dae"
      url: "https://pub.dev"
    source: hosted
    version: "2.1.0"
  xdg_directories:
    dependency: transitive
    description:
      name: xdg_directories
      sha256: "7a3f37b05d989967cdddcbb571f1ea834867ae2faa29725fd085180e0883aa15"
      url: "https://pub.dev"
    source: hosted
    version: "1.1.0"
  xml:
    dependency: transitive
    description:
      name: xml
      sha256: "971043b3a0d3da28727e40ed3e0b5d18b742fa5a68665cca88e74b7876d5e025"
      url: "https://pub.dev"
    source: hosted
    version: "6.6.1"
  yaml:
    dependency: transitive
    description:
      name: yaml
      sha256: b9da305ac7c39faa3f030eccd175340f968459dae4af175130b3fc47e40d76ce
      url: "https://pub.dev"
    source: hosted
    version: "3.1.3"
sdks:
  dart: ">=3.9.0 <4.0.0"
  flutter: ">=3.35.0"
